
Microsoft Visual Studio Solution File, Format Version 12.00
# Visual Studio Version 17
VisualStudioVersion = 17.10.34916.146
MinimumVisualStudioVersion = 10.0.40219.1
Project("{FAE04EC0-301F-11D3-BF4B-00C04F79EFBC}") = "BonvinoApp", "BonvinoApp\BonvinoApp.csproj", "{3C76FA44-A3D5-4517-B970-F0934D3F651F}"
EndProject
Global
	GlobalSection(SolutionConfigurationPlatforms) = preSolution
		Debug|Any CPU = Debug|Any CPU
		Release|Any CPU = Release|Any CPU
	EndGlobalSection
	GlobalSection(ProjectConfigurationPlatforms) = postSolution
		{3C76FA44-A3D5-4517-B970-F0934D3F651F}.Debug|Any CPU.ActiveCfg = Debug|Any CPU
		{3C76FA44-A3D5-4517-B970-F0934D3F651F}.Debug|Any CPU.Build.0 = Debug|Any CPU
		{3C76FA44-A3D5-4517-B970-F0934D3F651F}.Release|Any CPU.ActiveCfg = Release|Any CPU
		{3C76FA44-A3D5-4517-B970-F0934D3F651F}.Release|Any CPU.Build.0 = Release|Any CPU
	EndGlobalSection
	GlobalSection(SolutionProperties) = preSolution
		HideSolutionNode = FALSE
	EndGlobalSection
	GlobalSection(ExtensibilityGlobals) = postSolution
		SolutionGuid = {11122922-A184-4C3E-90D1-3A81042908A3}
	EndGlobalSection
EndGlobal
